
Microsoft Visual Studio Solution File, Format Version 12.00
# Visual Studio Version 16
VisualStudioVersion = 16.0.31613.86
MinimumVisualStudioVersion = 10.0.40219.1
Project("{FAE04EC0-301F-11D3-BF4B-00C04F79EFBC}") = "MovieDatabase", "MovieDatabase\MovieDatabase.csproj", "{BE9976E0-515A-492E-9863-658B42894D57}"
EndProject
Global
	GlobalSection(SolutionConfigurationPlatforms) = preSolution
		Debug|Any CPU = Debug|Any CPU
		Release|Any CPU = Release|Any CPU
	EndGlobalSection
	GlobalSection(ProjectConfigurationPlatforms) = postSolution
		{BE9976E0-515A-492E-9863-658B42894D57}.Debug|Any CPU.ActiveCfg = Debug|Any CPU
		{BE9976E0-515A-492E-9863-658B42894D57}.Debug|Any CPU.Build.0 = Debug|Any CPU
		{BE9976E0-515A-492E-9863-658B42894D57}.Release|Any CPU.ActiveCfg = Release|Any CPU
		{BE9976E0-515A-492E-9863-658B42894D57}.Release|Any CPU.Build.0 = Release|Any CPU
	EndGlobalSection
	GlobalSection(SolutionProperties) = preSolution
		HideSolutionNode = FALSE
	EndGlobalSection
	GlobalSection(ExtensibilityGlobals) = postSolution
		SolutionGuid = {7161A060-73C8-4B98-8286-68291E9A456C}
	EndGlobalSection
EndGlobal
